// !$*UTF8*$!
{
	archiveVersion = 1;
	classes = {
	};
	objectVersion = 51;
	objects = {

/* Begin PBXBuildFile section */
		B038E49E248122190029042D /* GoogleService-Info.plist in Resources */ = {isa = PBXBuildFile; fileRef = B038E49D248122190029042D /* GoogleService-Info.plist */; };
		B058444324838315007EB0F8 /* CameraModule.swift in Sources */ = {isa = PBXBuildFile; fileRef = B058444224838315007EB0F8 /* CameraModule.swift */; };
		B058445B24839CC5007EB0F8 /* UIImage+Extension.swift in Sources */ = {isa = PBXBuildFile; fileRef = B058445A24839CC5007EB0F8 /* UIImage+Extension.swift */; };
		B05844662483A674007EB0F8 /* MorsePlayer.swift in Sources */ = {isa = PBXBuildFile; fileRef = B05844652483A674007EB0F8 /* MorsePlayer.swift */; };
		B05844682483A801007EB0F8 /* MorseSymbol.swift in Sources */ = {isa = PBXBuildFile; fileRef = B05844672483A801007EB0F8 /* MorseSymbol.swift */; };
		B0E3C78324811A6400E284D0 /* AppDelegate.swift in Sources */ = {isa = PBXBuildFile; fileRef = B0E3C78224811A6400E284D0 /* AppDelegate.swift */; };
		B0E3C78724811A6400E284D0 /* ViewController.swift in Sources */ = {isa = PBXBuildFile; fileRef = B0E3C78624811A6400E284D0 /* ViewController.swift */; };
		B0E3C78A24811A6400E284D0 /* Main.storyboard in Resources */ = {isa = PBXBuildFile; fileRef = B0E3C78824811A6400E284D0 /* Main.storyboard */; };
		B0E3C78D24811A6400E284D0 /* EyeHelper.xcdatamodeld in Sources */ = {isa = PBXBuildFile; fileRef = B0E3C78B24811A6400E284D0 /* EyeHelper.xcdatamodeld */; };
		B0E3C78F24811A6500E284D0 /* Assets.xcassets in Resources */ = {isa = PBXBuildFile; fileRef = B0E3C78E24811A6500E284D0 /* Assets.xcassets */; };
		B0E3C79224811A6500E284D0 /* LaunchScreen.storyboard in Resources */ = {isa = PBXBuildFile; fileRef = B0E3C79024811A6500E284D0 /* LaunchScreen.storyboard */; };
		CE41B37CF5F874B1AF1B18FA /* Pods_EyeHelper.framework in Frameworks */ = {isa = PBXBuildFile; fileRef = 70341AAB91609F9443C2BDF5 /* Pods_EyeHelper.framework */; };
/* End PBXBuildFile section */

/* Begin PBXFileReference section */
		2C13AC2B4D7BD02934CF3D86 /* Pods-EyeHelper.release.xcconfig */ = {isa = PBXFileReference; includeInIndex = 1; lastKnownFileType = text.xcconfig; name = "Pods-EyeHelper.release.xcconfig"; path = "Target Support Files/Pods-EyeHelper/Pods-EyeHelper.release.xcconfig"; sourceTree = "<group>"; };
		70341AAB91609F9443C2BDF5 /* Pods_EyeHelper.framework */ = {isa = PBXFileReference; explicitFileType = wrapper.framework; includeInIndex = 0; path = Pods_EyeHelper.framework; sourceTree = BUILT_PRODUCTS_DIR; };
		B038E49D248122190029042D /* GoogleService-Info.plist */ = {isa = PBXFileReference; fileEncoding = 4; lastKnownFileType = text.plist.xml; path = "GoogleService-Info.plist"; sourceTree = "<group>"; };
		B058444224838315007EB0F8 /* CameraModule.swift */ = {isa = PBXFileReference; lastKnownFileType = sourcecode.swift; path = CameraModule.swift; sourceTree = "<group>"; };
		B058445A24839CC5007EB0F8 /* UIImage+Extension.swift */ = {isa = PBXFileReference; lastKnownFileType = sourcecode.swift; path = "UIImage+Extension.swift"; sourceTree = "<group>"; };
		B05844652483A674007EB0F8 /* MorsePlayer.swift */ = {isa = PBXFileReference; lastKnownFileType = sourcecode.swift; path = MorsePlayer.swift; sourceTree = "<group>"; };
		B05844672483A801007EB0F8 /* MorseSymbol.swift */ = {isa = PBXFileReference; lastKnownFileType = sourcecode.swift; path = MorseSymbol.swift; sourceTree = "<group>"; };
		B0E3C77F24811A6400E284D0 /* EyeHelper.app */ = {isa = PBXFileReference; explicitFileType = wrapper.application; includeInIndex = 0; path = EyeHelper.app; sourceTree = BUILT_PRODUCTS_DIR; };
		B0E3C78224811A6400E284D0 /* AppDelegate.swift */ = {isa = PBXFileReference; lastKnownFileType = sourcecode.swift; path = AppDelegate.swift; sourceTree = "<group>"; };
		B0E3C78624811A6400E284D0 /* ViewController.swift */ = {isa = PBXFileReference; lastKnownFileType = sourcecode.swift; path = ViewController.swift; sourceTree = "<group>"; };
		B0E3C78924811A6400E284D0 /* Base */ = {isa = PBXFileReference; lastKnownFileType = file.storyboard; name = Base; path = Base.lproj/Main.storyboard; sourceTree = "<group>"; };
		B0E3C78C24811A6400E284D0 /* EyeHelper.xcdatamodel */ = {isa = PBXFileReference; lastKnownFileType = wrapper.xcdatamodel; path = EyeHelper.xcdatamodel; sourceTree = "<group>"; };
		B0E3C78E24811A6500E284D0 /* Assets.xcassets */ = {isa = PBXFileReference; lastKnownFileType = folder.assetcatalog; path = Assets.xcassets; sourceTree = "<group>"; };
		B0E3C79124811A6500E284D0 /* Base */ = {isa = PBXFileReference; lastKnownFileType = file.storyboard; name = Base; path = Base.lproj/LaunchScreen.storyboard; sourceTree = "<group>"; };
		B0E3C79324811A6500E284D0 /* Info.plist */ = {isa = PBXFileReference; lastKnownFileType = text.plist.xml; path = Info.plist; sourceTree = "<group>"; };
		B9DDBF973843D74F023F4C0B /* Pods-EyeHelper.debug.xcconfig */ = {isa = PBXFileReference; includeInIndex = 1; lastKnownFileType = text.xcconfig; name = "Pods-EyeHelper.debug.xcconfig"; path = "Target Support Files/Pods-EyeHelper/Pods-EyeHelper.debug.xcconfig"; sourceTree = "<group>"; };
/* End PBXFileReference section */

/* Begin PBXFrameworksBuildPhase section */
		B0E3C77C24811A6400E284D0 /* Frameworks */ = {
			isa = PBXFrameworksBuildPhase;
			buildActionMask = 2147483647;
			files = (
				CE41B37CF5F874B1AF1B18FA /* Pods_EyeHelper.framework in Frameworks */,
			);
			runOnlyForDeploymentPostprocessing = 0;
		};
/* End PBXFrameworksBuildPhase section */

/* Begin PBXGroup section */
		879856AC81444DA979CEC235 /* Frameworks */ = {
			isa = PBXGroup;
			children = (
				70341AAB91609F9443C2BDF5 /* Pods_EyeHelper.framework */,
			);
			name = Frameworks;
			sourceTree = "<group>";
		};
		B058445C2483A24E007EB0F8 /* MorseCode */ = {
			isa = PBXGroup;
			children = (
				B05844652483A674007EB0F8 /* MorsePlayer.swift */,
				B05844672483A801007EB0F8 /* MorseSymbol.swift */,
			);
			path = MorseCode;
			sourceTree = "<group>";
		};
		B0E3C77624811A6400E284D0 = {
			isa = PBXGroup;
			children = (
				B0E3C78124811A6400E284D0 /* EyeHelper */,
				B0E3C78024811A6400E284D0 /* Products */,
				BBCAE07EFE8D11BD02B26C7C /* Pods */,
				879856AC81444DA979CEC235 /* Frameworks */,
			);
			sourceTree = "<group>";
		};
		B0E3C78024811A6400E284D0 /* Products */ = {
			isa = PBXGroup;
			children = (
				B0E3C77F24811A6400E284D0 /* EyeHelper.app */,
			);
			name = Products;
			sourceTree = "<group>";
		};
		B0E3C78124811A6400E284D0 /* EyeHelper */ = {
			isa = PBXGroup;
			children = (
				B058445C2483A24E007EB0F8 /* MorseCode */,
				B0E3C78224811A6400E284D0 /* AppDelegate.swift */,
				B0E3C78624811A6400E284D0 /* ViewController.swift */,
				B0E3C78824811A6400E284D0 /* Main.storyboard */,
				B0E3C78E24811A6500E284D0 /* Assets.xcassets */,
				B0E3C79024811A6500E284D0 /* LaunchScreen.storyboard */,
				B0E3C79324811A6500E284D0 /* Info.plist */,
				B038E49D248122190029042D /* GoogleService-Info.plist */,
				B0E3C78B24811A6400E284D0 /* EyeHelper.xcdatamodeld */,
				B058444224838315007EB0F8 /* CameraModule.swift */,
				B058445A24839CC5007EB0F8 /* UIImage+Extension.swift */,
			);
			path = EyeHelper;
			sourceTree = "<group>";
		};
		BBCAE07EFE8D11BD02B26C7C /* Pods */ = {
			isa = PBXGroup;
			children = (
				B9DDBF973843D74F023F4C0B /* Pods-EyeHelper.debug.xcconfig */,
				2C13AC2B4D7BD02934CF3D86 /* Pods-EyeHelper.release.xcconfig */,
			);
			path = Pods;
			sourceTree = "<group>";
		};
/* End PBXGroup section */

/* Begin PBXNativeTarget section */
		B0E3C77E24811A6400E284D0 /* EyeHelper */ = {
			isa = PBXNativeTarget;
			buildConfigurationList = B0E3C79624811A6500E284D0 /* Build configuration list for PBXNativeTarget "EyeHelper" */;
			buildPhases = (
				385D0FCF2385DDDD89F8359E /* [CP] Check Pods Manifest.lock */,
				B0E3C77B24811A6400E284D0 /* Sources */,
				B0E3C77C24811A6400E284D0 /* Frameworks */,
				B0E3C77D24811A6400E284D0 /* Resources */,
				E93EEC4696883C2AD7FF58C1 /* [CP] Embed Pods Frameworks */,
				85C5029A2E0202448EEF101A /* [CP] Copy Pods Resources */,
			);
			buildRules = (
			);
			dependencies = (
			);
			name = EyeHelper;
			productName = EyeHelper;
			productReference = B0E3C77F24811A6400E284D0 /* EyeHelper.app */;
			productType = "com.apple.product-type.application";
		};
/* End PBXNativeTarget section */

/* Begin PBXProject section */
		B0E3C77724811A6400E284D0 /* Project object */ = {
			isa = PBXProject;
			attributes = {
				LastSwiftUpdateCheck = 1150;
				LastUpgradeCheck = 1150;
				ORGANIZATIONNAME = TaeinKim;
				TargetAttributes = {
					B0E3C77E24811A6400E284D0 = {
						CreatedOnToolsVersion = 11.5;
					};
				};
			};
			buildConfigurationList = B0E3C77A24811A6400E284D0 /* Build configuration list for PBXProject "EyeHelper" */;
			compatibilityVersion = "Xcode 9.3";
			developmentRegion = en;
			hasScannedForEncodings = 0;
			knownRegions = (
				en,
				Base,
			);
			mainGroup = B0E3C77624811A6400E284D0;
			productRefGroup = B0E3C78024811A6400E284D0 /* Products */;
			projectDirPath = "";
			projectRoot = "";
			targets = (
				B0E3C77E24811A6400E284D0 /* EyeHelper */,
			);
		};
/* End PBXProject section */

/* Begin PBXResourcesBuildPhase section */
		B0E3C77D24811A6400E284D0 /* Resources */ = {
			isa = PBXResourcesBuildPhase;
			buildActionMask = 2147483647;
			files = (
				B0E3C79224811A6500E284D0 /* LaunchScreen.storyboard in Resources */,
				B038E49E248122190029042D /* GoogleService-Info.plist in Resources */,
				B0E3C78F24811A6500E284D0 /* Assets.xcassets in Resources */,
				B0E3C78A24811A6400E284D0 /* Main.storyboard in Resources */,
			);
			runOnlyForDeploymentPostprocessing = 0;
		};
/* End PBXResourcesBuildPhase section */

/* Begin PBXShellScriptBuildPhase section */
		385D0FCF2385DDDD89F8359E /* [CP] Check Pods Manifest.lock */ = {
			isa = PBXShellScriptBuildPhase;
			buildActionMask = 2147483647;
			files = (
			);
			inputFileListPaths = (
			);
			inputPaths = (
				"${PODS_PODFILE_DIR_PATH}/Podfile.lock",
				"${PODS_ROOT}/Manifest.lock",
			);
			name = "[CP] Check Pods Manifest.lock";
			outputFileListPaths = (
			);
			outputPaths = (
				"$(DERIVED_FILE_DIR)/Pods-EyeHelper-checkManifestLockResult.txt",
			);
			runOnlyForDeploymentPostprocessing = 0;
			shellPath = /bin/sh;
			shellScript = "diff \"${PODS_PODFILE_DIR_PATH}/Podfile.lock\" \"${PODS_ROOT}/Manifest.lock\" > /dev/null\nif [ $? != 0 ] ; then\n    # print error to STDERR\n    echo \"error: The sandbox is not in sync with the Podfile.lock. Run 'pod install' or update your CocoaPods installation.\" >&2\n    exit 1\nfi\n# This output is used by Xcode 'outputs' to avoid re-running this script phase.\necho \"SUCCESS\" > \"${SCRIPT_OUTPUT_FILE_0}\"\n";
			showEnvVarsInLog = 0;
		};
		85C5029A2E0202448EEF101A /* [CP] Copy Pods Resources */ = {
			isa = PBXShellScriptBuildPhase;
			buildActionMask = 2147483647;
			files = (
			);
			inputFileListPaths = (
				"${PODS_ROOT}/Target Support Files/Pods-EyeHelper/Pods-EyeHelper-resources-${CONFIGURATION}-input-files.xcfilelist",
			);
			name = "[CP] Copy Pods Resources";
			outputFileListPaths = (
				"${PODS_ROOT}/Target Support Files/Pods-EyeHelper/Pods-EyeHelper-resources-${CONFIGURATION}-output-files.xcfilelist",
			);
			runOnlyForDeploymentPostprocessing = 0;
			shellPath = /bin/sh;
			shellScript = "\"${PODS_ROOT}/Target Support Files/Pods-EyeHelper/Pods-EyeHelper-resources.sh\"\n";
			showEnvVarsInLog = 0;
		};
		E93EEC4696883C2AD7FF58C1 /* [CP] Embed Pods Frameworks */ = {
			isa = PBXShellScriptBuildPhase;
			buildActionMask = 2147483647;
			files = (
			);
			inputFileListPaths = (
				"${PODS_ROOT}/Target Support Files/Pods-EyeHelper/Pods-EyeHelper-frameworks-${CONFIGURATION}-input-files.xcfilelist",
			);
			name = "[CP] Embed Pods Frameworks";
			outputFileListPaths = (
				"${PODS_ROOT}/Target Support Files/Pods-EyeHelper/Pods-EyeHelper-frameworks-${CONFIGURATION}-output-files.xcfilelist",
			);
			runOnlyForDeploymentPostprocessing = 0;
			shellPath = /bin/sh;
			shellScript = "\"${PODS_ROOT}/Target Support Files/Pods-EyeHelper/Pods-EyeHelper-frameworks.sh\"\n";
			showEnvVarsInLog = 0;
		};
/* End PBXShellScriptBuildPhase section */

/* Begin PBXSourcesBuildPhase section */
		B0E3C77B24811A6400E284D0 /* Sources */ = {
			isa = PBXSourcesBuildPhase;
			buildActionMask = 2147483647;
			files = (
				B058444324838315007EB0F8 /* CameraModule.swift in Sources */,
				B05844662483A674007EB0F8 /* MorsePlayer.swift in Sources */,
				B0E3C78724811A6400E284D0 /* ViewController.swift in Sources */,
				B05844682483A801007EB0F8 /* MorseSymbol.swift in Sources */,
				B058445B24839CC5007EB0F8 /* UIImage+Extension.swift in Sources */,
				B0E3C78D24811A6400E284D0 /* EyeHelper.xcdatamodeld in Sources */,
				B0E3C78324811A6400E284D0 /* AppDelegate.swift in Sources */,
			);
			runOnlyForDeploymentPostprocessing = 0;
		};
/* End PBXSourcesBuildPhase section */

/* Begin PBXVariantGroup section */
		B0E3C78824811A6400E284D0 /* Main.storyboard */ = {
			isa = PBXVariantGroup;
			children = (
				B0E3C78924811A6400E284D0 /* Base */,
			);
			name = Main.storyboard;
			sourceTree = "<group>";
		};
		B0E3C79024811A6500E284D0 /* LaunchScreen.storyboard */ = {
			isa = PBXVariantGroup;
			children = (
				B0E3C79124811A6500E284D0 /* Base */,
			);
			name = LaunchScreen.storyboard;
			sourceTree = "<group>";
		};
/* End PBXVariantGroup section */

/* Begin XCBuildConfiguration section */
		B0E3C79424811A6500E284D0 /* Debug */ = {
			isa = XCBuildConfiguration;
			buildSettings = {
				ALWAYS_SEARCH_USER_PATHS = NO;
				CLANG_ANALYZER_NONNULL = YES;
				CLANG_ANALYZER_NUMBER_OBJECT_CONVERSION = YES_AGGRESSIVE;
				CLANG_CXX_LANGUAGE_STANDARD = "gnu++14";
				CLANG_CXX_LIBRARY = "libc++";
				CLANG_ENABLE_MODULES = YES;
				CLANG_ENABLE_OBJC_ARC = YES;
				CLANG_ENABLE_OBJC_WEAK = YES;
				CLANG_WARN_BLOCK_CAPTURE_AUTORELEASING = YES;
				CLANG_WARN_BOOL_CONVERSION = YES;
				CLANG_WARN_COMMA = YES;
				CLANG_WARN_CONSTANT_CONVERSION = YES;
				CLANG_WARN_DEPRECATED_OBJC_IMPLEMENTATIONS = YES;
				CLANG_WARN_DIRECT_OBJC_ISA_USAGE = YES_ERROR;
				CLANG_WARN_DOCUMENTATION_COMMENTS = YES;
				CLANG_WARN_EMPTY_BODY = YES;
				CLANG_WARN_ENUM_CONVERSION = YES;
				CLANG_WARN_INFINITE_RECURSION = YES;
				CLANG_WARN_INT_CONVERSION = YES;
				CLANG_WARN_NON_LITERAL_NULL_CONVERSION = YES;
				CLANG_WARN_OBJC_IMPLICIT_RETAIN_SELF = YES;
				CLANG_WARN_OBJC_LITERAL_CONVERSION = YES;
				CLANG_WARN_OBJC_ROOT_CLASS = YES_ERROR;
				CLANG_WARN_RANGE_LOOP_ANALYSIS = YES;
				CLANG_WARN_STRICT_PROTOTYPES = YES;
				CLANG_WARN_SUSPICIOUS_MOVE = YES;
				CLANG_WARN_UNGUARDED_AVAILABILITY = YES_AGGRESSIVE;
				CLANG_WARN_UNREACHABLE_CODE = YES;
				CLANG_WARN__DUPLICATE_METHOD_MATCH = YES;
				COPY_PHASE_STRIP = NO;
				DEBUG_INFORMATION_FORMAT = dwarf;
				ENABLE_STRICT_OBJC_MSGSEND = YES;
				ENABLE_TESTABILITY = YES;
				GCC_C_LANGUAGE_STANDARD = gnu11;
				GCC_DYNAMIC_NO_PIC = NO;
				GCC_NO_COMMON_BLOCKS = YES;
				GCC_OPTIMIZATION_LEVEL = 0;
				GCC_PREPROCESSOR_DEFINITIONS = (
					"DEBUG=1",
					"$(inherited)",
				);
				GCC_WARN_64_TO_32_BIT_CONVERSION = YES;
				GCC_WARN_ABOUT_RETURN_TYPE = YES_ERROR;
				GCC_WARN_UNDECLARED_SELECTOR = YES;
				GCC_WARN_UNINITIALIZED_AUTOS = YES_AGGRESSIVE;
				GCC_WARN_UNUSED_FUNCTION = YES;
				GCC_WARN_UNUSED_VARIABLE = YES;
				IPHONEOS_DEPLOYMENT_TARGET = 13.5;
				MTL_ENABLE_DEBUG_INFO = INCLUDE_SOURCE;
				MTL_FAST_MATH = YES;
				ONLY_ACTIVE_ARCH = YES;
				SDKROOT = iphoneos;
				SWIFT_ACTIVE_COMPILATION_CONDITIONS = DEBUG;
				SWIFT_OPTIMIZATION_LEVEL = "-Onone";
			};
			name = Debug;
		};
		B0E3C79524811A6500E284D0 /* Release */ = {
			isa = XCBuildConfiguration;
			buildSettings = {
				ALWAYS_SEARCH_USER_PATHS = NO;
				CLANG_ANALYZER_NONNULL = YES;
				CLANG_ANALYZER_NUMBER_OBJECT_CONVERSION = YES_AGGRESSIVE;
				CLANG_CXX_LANGUAGE_STANDARD = "gnu++14";
				CLANG_CXX_LIBRARY = "libc++";
				CLANG_ENABLE_MODULES = YES;
				CLANG_ENABLE_OBJC_ARC = YES;
				CLANG_ENABLE_OBJC_WEAK = YES;
				CLANG_WARN_BLOCK_CAPTURE_AUTORELEASING = YES;
				CLANG_WARN_BOOL_CONVERSION = YES;
				CLANG_WARN_COMMA = YES;
				CLANG_WARN_CONSTANT_CONVERSION = YES;
				CLANG_WARN_DEPRECATED_OBJC_IMPLEMENTATIONS = YES;
				CLANG_WARN_DIRECT_OBJC_ISA_USAGE = YES_ERROR;
				CLANG_WARN_DOCUMENTATION_COMMENTS = YES;
				CLANG_WARN_EMPTY_BODY = YES;
				CLANG_WARN_ENUM_CONVERSION = YES;
				CLANG_WARN_INFINITE_RECURSION = YES;
				CLANG_WARN_INT_CONVERSION = YES;
				CLANG_WARN_NON_LITERAL_NULL_CONVERSION = YES;
				CLANG_WARN_OBJC_IMPLICIT_RETAIN_SELF = YES;
				CLANG_WARN_OBJC_LITERAL_CONVERSION = YES;
				CLANG_WARN_OBJC_ROOT_CLASS = YES_ERROR;
				CLANG_WARN_RANGE_LOOP_ANALYSIS = YES;
				CLANG_WARN_STRICT_PROTOTYPES = YES;
				CLANG_WARN_SUSPICIOUS_MOVE = YES;
				CLANG_WARN_UNGUARDED_AVAILABILITY = YES_AGGRESSIVE;
				CLANG_WARN_UNREACHABLE_CODE = YES;
				CLANG_WARN__DUPLICATE_METHOD_MATCH = YES;
				COPY_PHASE_STRIP = NO;
				DEBUG_INFORMATION_FORMAT = "dwarf-with-dsym";
				ENABLE_NS_ASSERTIONS = NO;
				ENABLE_STRICT_OBJC_MSGSEND = YES;
				GCC_C_LANGUAGE_STANDARD = gnu11;
				GCC_NO_COMMON_BLOCKS = YES;
				GCC_WARN_64_TO_32_BIT_CONVERSION = YES;
				GCC_WARN_ABOUT_RETURN_TYPE = YES_ERROR;
				GCC_WARN_UNDECLARED_SELECTOR = YES;
				GCC_WARN_UNINITIALIZED_AUTOS = YES_AGGRESSIVE;
				GCC_WARN_UNUSED_FUNCTION = YES;
				GCC_WARN_UNUSED_VARIABLE = YES;
				IPHONEOS_DEPLOYMENT_TARGET = 13.5;
				MTL_ENABLE_DEBUG_INFO = NO;
				MTL_FAST_MATH = YES;
				SDKROOT = iphoneos;
				SWIFT_COMPILATION_MODE = wholemodule;
				SWIFT_OPTIMIZATION_LEVEL = "-O";
				VALIDATE_PRODUCT = YES;
			};
			name = Release;
		};
		B0E3C79724811A6500E284D0 /* Debug */ = {
			isa = XCBuildConfiguration;
			baseConfigurationReference = B9DDBF973843D74F023F4C0B /* Pods-EyeHelper.debug.xcconfig */;
			buildSettings = {
				ASSETCATALOG_COMPILER_APPICON_NAME = AppIcon;
				CODE_SIGN_STYLE = Automatic;
				DEVELOPMENT_TEAM = M79H9K226Y;
				INFOPLIST_FILE = EyeHelper/Info.plist;
				IPHONEOS_DEPLOYMENT_TARGET = 11.0;
				LD_RUNPATH_SEARCH_PATHS = (
					"$(inherited)",
					"@executable_path/Frameworks",
				);
				PRODUCT_BUNDLE_IDENTIFIER = com.denny.EyeHelper;
				PRODUCT_NAME = "$(TARGET_NAME)";
				SWIFT_VERSION = 5.0;
				TARGETED_DEVICE_FAMILY = 1;
			};
			name = Debug;
		};
		B0E3C79824811A6500E284D0 /* Release */ = {
			isa = XCBuildConfiguration;
			baseConfigurationReference = 2C13AC2B4D7BD02934CF3D86 /* Pods-EyeHelper.release.xcconfig */;
			buildSettings = {
				ASSETCATALOG_COMPILER_APPICON_NAME = AppIcon;
				CODE_SIGN_STYLE = Automatic;
				DEVELOPMENT_TEAM = M79H9K226Y;
				INFOPLIST_FILE = EyeHelper/Info.plist;
				IPHONEOS_DEPLOYMENT_TARGET = 11.0;
				LD_RUNPATH_SEARCH_PATHS = (
					"$(inherited)",
					"@executable_path/Frameworks",
				);
				PRODUCT_BUNDLE_IDENTIFIER = com.denny.EyeHelper;
				PRODUCT_NAME = "$(TARGET_NAME)";
				SWIFT_VERSION = 5.0;
				TARGETED_DEVICE_FAMILY = 1;
			};
			name = Release;
		};
/* End XCBuildConfiguration section */

/* Begin XCConfigurationList section */
		B0E3C77A24811A6400E284D0 /* Build configuration list for PBXProject "EyeHelper" */ = {
			isa = XCConfigurationList;
			buildConfigurations = (
				B0E3C79424811A6500E284D0 /* Debug */,
				B0E3C79524811A6500E284D0 /* Release */,
			);
			defaultConfigurationIsVisible = 0;
			defaultConfigurationName = Release;
		};
		B0E3C79624811A6500E284D0 /* Build configuration list for PBXNativeTarget "EyeHelper" */ = {
			isa = XCConfigurationList;
			buildConfigurations = (
				B0E3C79724811A6500E284D0 /* Debug */,
				B0E3C79824811A6500E284D0 /* Release */,
			);
			defaultConfigurationIsVisible = 0;
			defaultConfigurationName = Release;
		};
/* End XCConfigurationList section */

/* Begin XCVersionGroup section */
		B0E3C78B24811A6400E284D0 /* EyeHelper.xcdatamodeld */ = {
			isa = XCVersionGroup;
			children = (
				B0E3C78C24811A6400E284D0 /* EyeHelper.xcdatamodel */,
			);
			currentVersion = B0E3C78C24811A6400E284D0 /* EyeHelper.xcdatamodel */;
			path = EyeHelper.xcdatamodeld;
			sourceTree = "<group>";
			versionGroupType = wrapper.xcdatamodel;
		};
/* End XCVersionGroup section */
	};
	rootObject = B0E3C77724811A6400E284D0 /* Project object */;
}
